
Microsoft Visual Studio Solution File, Format Version 12.00
# Visual Studio Version 17
VisualStudioVersion = 17.6.33801.468
MinimumVisualStudioVersion = 10.0.40219.1
Project("{9A19103F-16F7-4668-BE54-9A1E7A4F7556}") = "myMLApp", "myMLApp\myMLApp.csproj", "{AE4F402A-995B-4AEB-8E55-0138F32DAF19}"
EndProject
Project("{FAE04EC0-301F-11D3-BF4B-00C04F79EFBC}") = "ElliottWaveConsole", "ElliottWaveConsole\ElliottWaveConsole.csproj", "{065B3579-1E7B-43E2-9FE5-7BEBDBC0B7A8}"
EndProject
Global
	GlobalSection(SolutionConfigurationPlatforms) = preSolution
		Debug|Any CPU = Debug|Any CPU
		Release|Any CPU = Release|Any CPU
	EndGlobalSection
	GlobalSection(ProjectConfigurationPlatforms) = postSolution
		{AE4F402A-995B-4AEB-8E55-0138F32DAF19}.Debug|Any CPU.ActiveCfg = Debug|Any CPU
		{AE4F402A-995B-4AEB-8E55-0138F32DAF19}.Debug|Any CPU.Build.0 = Debug|Any CPU
		{AE4F402A-995B-4AEB-8E55-0138F32DAF19}.Release|Any CPU.ActiveCfg = Release|Any CPU
		{AE4F402A-995B-4AEB-8E55-0138F32DAF19}.Release|Any CPU.Build.0 = Release|Any CPU
		{065B3579-1E7B-43E2-9FE5-7BEBDBC0B7A8}.Debug|Any CPU.ActiveCfg = Debug|Any CPU
		{065B3579-1E7B-43E2-9FE5-7BEBDBC0B7A8}.Debug|Any CPU.Build.0 = Debug|Any CPU
		{065B3579-1E7B-43E2-9FE5-7BEBDBC0B7A8}.Release|Any CPU.ActiveCfg = Release|Any CPU
		{065B3579-1E7B-43E2-9FE5-7BEBDBC0B7A8}.Release|Any CPU.Build.0 = Release|Any CPU
	EndGlobalSection
	GlobalSection(SolutionProperties) = preSolution
		HideSolutionNode = FALSE
	EndGlobalSection
	GlobalSection(ExtensibilityGlobals) = postSolution
		SolutionGuid = {798CCA26-DF23-4006-8FA6-1909F646BD8A}
	EndGlobalSection
EndGlobal
